
Microsoft Visual Studio Solution File, Format Version 12.00
# Visual Studio Version 17
VisualStudioVersion = 17.11.35431.28
MinimumVisualStudioVersion = 10.0.40219.1
Project("{FAE04EC0-301F-11D3-BF4B-00C04F79EFBC}") = "Elon_The_Explorer", "Elon_The_Explorer\Elon_The_Explorer.csproj", "{3878F3F8-F187-4A8D-88DD-E2447C74EAEE}"
EndProject
Global
	GlobalSection(SolutionConfigurationPlatforms) = preSolution
		Debug|Any CPU = Debug|Any CPU
		Release|Any CPU = Release|Any CPU
	EndGlobalSection
	GlobalSection(ProjectConfigurationPlatforms) = postSolution
		{3878F3F8-F187-4A8D-88DD-E2447C74EAEE}.Debug|Any CPU.ActiveCfg = Debug|Any CPU
		{3878F3F8-F187-4A8D-88DD-E2447C74EAEE}.Debug|Any CPU.Build.0 = Debug|Any CPU
		{3878F3F8-F187-4A8D-88DD-E2447C74EAEE}.Release|Any CPU.ActiveCfg = Release|Any CPU
		{3878F3F8-F187-4A8D-88DD-E2447C74EAEE}.Release|Any CPU.Build.0 = Release|Any CPU
	EndGlobalSection
	GlobalSection(SolutionProperties) = preSolution
		HideSolutionNode = FALSE
	EndGlobalSection
	GlobalSection(ExtensibilityGlobals) = postSolution
		SolutionGuid = {F5603A5E-BA65-4F8E-808B-A064F3167234}
	EndGlobalSection
EndGlobal
